// !$*UTF8*$!
{
	archiveVersion = 1;
	classes = {
	};
	objectVersion = 55;
	objects = {

/* Begin PBXBuildFile section */
		755B899E2F8AE26B00C1C0D4 /* RevenueCat in Frameworks */ = {isa = PBXBuildFile; productRef = 755B899D2F8AE26B00C1C0D4 /* RevenueCat */; };
		755B89A02F8AE27000C1C0D4 /* RevenueCatUI in Frameworks */ = {isa = PBXBuildFile; productRef = 755B899F2F8AE27000C1C0D4 /* RevenueCatUI */; };
		755B89A52F8AEE5000C1C0D4 /* RevenueCatEntitlementService.swift in Sources */ = {isa = PBXBuildFile; fileRef = 755B89A32F8AEE5000C1C0D4 /* RevenueCatEntitlementService.swift */; };
		755B89AD2F8AEE5000C1C0D4 /* BypassEntitlementService.swift in Sources */ = {isa = PBXBuildFile; fileRef = 755B89AC2F8AEE5000C1C0D4 /* BypassEntitlementService.swift */; };
		755B89A62F8AEE5000C1C0D4 /* EntitlementService.swift in Sources */ = {isa = PBXBuildFile; fileRef = 755B89A12F8AEE5000C1C0D4 /* EntitlementService.swift */; };
		755B89A72F8AEE5000C1C0D4 /* MonetizationConfig.swift in Sources */ = {isa = PBXBuildFile; fileRef = 755B89A22F8AEE5000C1C0D4 /* MonetizationConfig.swift */; };
		755B89AA2F8AEEEF00C1C0D4 /* PaywallView.swift in Sources */ = {isa = PBXBuildFile; fileRef = 755B89A82F8AEEEF00C1C0D4 /* PaywallView.swift */; };
		A00000000000000000000001 /* GenesisWayApp.swift in Sources */ = {isa = PBXBuildFile; fileRef = A00000000000000000000011 /* GenesisWayApp.swift */; };
		A00000000000000000000002 /* GenesisModels.swift in Sources */ = {isa = PBXBuildFile; fileRef = A00000000000000000000012 /* GenesisModels.swift */; };
		A00000000000000000000003 /* GenesisStore.swift in Sources */ = {isa = PBXBuildFile; fileRef = A00000000000000000000013 /* GenesisStore.swift */; };
		A00000000000000000000004 /* Theme.swift in Sources */ = {isa = PBXBuildFile; fileRef = A00000000000000000000014 /* Theme.swift */; };
		A00000000000000000000005 /* GlassCard.swift in Sources */ = {isa = PBXBuildFile; fileRef = A00000000000000000000015 /* GlassCard.swift */; };
		A00000000000000000000006 /* PrimaryButton.swift in Sources */ = {isa = PBXBuildFile; fileRef = A00000000000000000000016 /* PrimaryButton.swift */; };
		A00000000000000000000007 /* RootView.swift in Sources */ = {isa = PBXBuildFile; fileRef = A00000000000000000000017 /* RootView.swift */; };
		A00000000000000000000008 /* OnboardingScreen.swift in Sources */ = {isa = PBXBuildFile; fileRef = A00000000000000000000018 /* OnboardingScreen.swift */; };
		A00000000000000000000009 /* DumpScreen.swift in Sources */ = {isa = PBXBuildFile; fileRef = A00000000000000000000019 /* DumpScreen.swift */; };
		A0000000000000000000000A /* ShapeScreen.swift in Sources */ = {isa = PBXBuildFile; fileRef = A0000000000000000000001A /* ShapeScreen.swift */; };
		A0000000000000000000000B /* FillScreen.swift in Sources */ = {isa = PBXBuildFile; fileRef = A0000000000000000000001B /* FillScreen.swift */; };
		A0000000000000000000000C /* ParkScreen.swift in Sources */ = {isa = PBXBuildFile; fileRef = A0000000000000000000001C /* ParkScreen.swift */; };
		A0000000000000000000000D /* CalendarSettingsScreen.swift in Sources */ = {isa = PBXBuildFile; fileRef = A0000000000000000000001D /* CalendarSettingsScreen.swift */; };
		A0000000000000000000000E /* AppSettingsScreen.swift in Sources */ = {isa = PBXBuildFile; fileRef = A0000000000000000000001E /* AppSettingsScreen.swift */; };
		A0000000000000000000000F /* Assets.xcassets in Resources */ = {isa = PBXBuildFile; fileRef = A0000000000000000000001F /* Assets.xcassets */; };
/* End PBXBuildFile section */

/* Begin PBXFileReference section */
		755B89A12F8AEE5000C1C0D4 /* EntitlementService.swift */ = {isa = PBXFileReference; lastKnownFileType = sourcecode.swift; path = EntitlementService.swift; sourceTree = "<group>"; };
		755B89A22F8AEE5000C1C0D4 /* MonetizationConfig.swift */ = {isa = PBXFileReference; lastKnownFileType = sourcecode.swift; path = MonetizationConfig.swift; sourceTree = "<group>"; };
		755B89A32F8AEE5000C1C0D4 /* RevenueCatEntitlementService.swift */ = {isa = PBXFileReference; lastKnownFileType = sourcecode.swift; path = RevenueCatEntitlementService.swift; sourceTree = "<group>"; };
		755B89AC2F8AEE5000C1C0D4 /* BypassEntitlementService.swift */ = {isa = PBXFileReference; lastKnownFileType = sourcecode.swift; path = BypassEntitlementService.swift; sourceTree = "<group>"; };
		755B89A82F8AEEEF00C1C0D4 /* PaywallView.swift */ = {isa = PBXFileReference; lastKnownFileType = sourcecode.swift; path = PaywallView.swift; sourceTree = "<group>"; };
		A00000000000000000000010 /* GenesisWay.app */ = {isa = PBXFileReference; explicitFileType = wrapper.application; path = GenesisWay.app; sourceTree = BUILT_PRODUCTS_DIR; };
		A00000000000000000000011 /* GenesisWayApp.swift */ = {isa = PBXFileReference; lastKnownFileType = sourcecode.swift; path = GenesisWayApp.swift; sourceTree = "<group>"; };
		A00000000000000000000012 /* GenesisModels.swift */ = {isa = PBXFileReference; lastKnownFileType = sourcecode.swift; path = GenesisModels.swift; sourceTree = "<group>"; };
		A00000000000000000000013 /* GenesisStore.swift */ = {isa = PBXFileReference; lastKnownFileType = sourcecode.swift; path = GenesisStore.swift; sourceTree = "<group>"; };
		A00000000000000000000014 /* Theme.swift */ = {isa = PBXFileReference; lastKnownFileType = sourcecode.swift; path = Theme.swift; sourceTree = "<group>"; };
		A00000000000000000000015 /* GlassCard.swift */ = {isa = PBXFileReference; lastKnownFileType = sourcecode.swift; path = GlassCard.swift; sourceTree = "<group>"; };
		A00000000000000000000016 /* PrimaryButton.swift */ = {isa = PBXFileReference; lastKnownFileType = sourcecode.swift; path = PrimaryButton.swift; sourceTree = "<group>"; };
		A00000000000000000000017 /* RootView.swift */ = {isa = PBXFileReference; lastKnownFileType = sourcecode.swift; path = RootView.swift; sourceTree = "<group>"; };
		A00000000000000000000018 /* OnboardingScreen.swift */ = {isa = PBXFileReference; lastKnownFileType = sourcecode.swift; path = OnboardingScreen.swift; sourceTree = "<group>"; };
		A00000000000000000000019 /* DumpScreen.swift */ = {isa = PBXFileReference; lastKnownFileType = sourcecode.swift; path = DumpScreen.swift; sourceTree = "<group>"; };
		A0000000000000000000001A /* ShapeScreen.swift */ = {isa = PBXFileReference; lastKnownFileType = sourcecode.swift; path = ShapeScreen.swift; sourceTree = "<group>"; };
		A0000000000000000000001B /* FillScreen.swift */ = {isa = PBXFileReference; lastKnownFileType = sourcecode.swift; path = FillScreen.swift; sourceTree = "<group>"; };
		A0000000000000000000001C /* ParkScreen.swift */ = {isa = PBXFileReference; lastKnownFileType = sourcecode.swift; path = ParkScreen.swift; sourceTree = "<group>"; };
		A0000000000000000000001D /* CalendarSettingsScreen.swift */ = {isa = PBXFileReference; lastKnownFileType = sourcecode.swift; path = CalendarSettingsScreen.swift; sourceTree = "<group>"; };
		A0000000000000000000001E /* AppSettingsScreen.swift */ = {isa = PBXFileReference; lastKnownFileType = sourcecode.swift; path = AppSettingsScreen.swift; sourceTree = "<group>"; };
		A0000000000000000000001F /* Assets.xcassets */ = {isa = PBXFileReference; lastKnownFileType = folder.assetcatalog; path = Assets.xcassets; sourceTree = "<group>"; };
/* End PBXFileReference section */

/* Begin PBXFrameworksBuildPhase section */
		A00000000000000000000020 /* Frameworks */ = {
			isa = PBXFrameworksBuildPhase;
			buildActionMask = 2147483647;
			files = (
				755B89A02F8AE27000C1C0D4 /* RevenueCatUI in Frameworks */,
				755B899E2F8AE26B00C1C0D4 /* RevenueCat in Frameworks */,
			);
			runOnlyForDeploymentPostprocessing = 0;
		};
/* End PBXFrameworksBuildPhase section */

/* Begin PBXGroup section */
		755B899C2F8AE26B00C1C0D4 /* Frameworks */ = {
			isa = PBXGroup;
			children = (
			);
			name = Frameworks;
			sourceTree = "<group>";
		};
		755B89A42F8AEE5000C1C0D4 /* Monetization */ = {
			isa = PBXGroup;
			children = (
				755B89A12F8AEE5000C1C0D4 /* EntitlementService.swift */,
				755B89A22F8AEE5000C1C0D4 /* MonetizationConfig.swift */,
				755B89A32F8AEE5000C1C0D4 /* RevenueCatEntitlementService.swift */,
				755B89AC2F8AEE5000C1C0D4 /* BypassEntitlementService.swift */,
			);
			path = Monetization;
			sourceTree = "<group>";
		};
		755B89A92F8AEEEF00C1C0D4 /* Paywall */ = {
			isa = PBXGroup;
			children = (
				755B89A82F8AEEEF00C1C0D4 /* PaywallView.swift */,
			);
			path = Paywall;
			sourceTree = "<group>";
		};
		A00000000000000000000030 = {
			isa = PBXGroup;
			children = (
				A00000000000000000000031 /* GenesisWay */,
				755B899C2F8AE26B00C1C0D4 /* Frameworks */,
				A00000000000000000000040 /* Products */,
			);
			sourceTree = "<group>";
		};
		A00000000000000000000031 /* GenesisWay */ = {
			isa = PBXGroup;
			children = (
				A00000000000000000000032 /* App */,
				A00000000000000000000033 /* Models */,
				A00000000000000000000034 /* State */,
				A00000000000000000000035 /* Theme */,
				A0000000000000000000001F /* Assets.xcassets */,
				A00000000000000000000036 /* Views */,
				755B89A42F8AEE5000C1C0D4 /* Monetization */,
			);
			path = GenesisWay;
			sourceTree = "<group>";
		};
		A00000000000000000000032 /* App */ = {
			isa = PBXGroup;
			children = (
				A00000000000000000000011 /* GenesisWayApp.swift */,
			);
			path = App;
			sourceTree = "<group>";
		};
		A00000000000000000000033 /* Models */ = {
			isa = PBXGroup;
			children = (
				A00000000000000000000012 /* GenesisModels.swift */,
			);
			path = Models;
			sourceTree = "<group>";
		};
		A00000000000000000000034 /* State */ = {
			isa = PBXGroup;
			children = (
				A00000000000000000000013 /* GenesisStore.swift */,
			);
			path = State;
			sourceTree = "<group>";
		};
		A00000000000000000000035 /* Theme */ = {
			isa = PBXGroup;
			children = (
				A00000000000000000000014 /* Theme.swift */,
			);
			path = Theme;
			sourceTree = "<group>";
		};
		A00000000000000000000036 /* Views */ = {
			isa = PBXGroup;
			children = (
				A00000000000000000000037 /* Common */,
				A00000000000000000000038 /* Screens */,
				A00000000000000000000017 /* RootView.swift */,
				755B89A92F8AEEEF00C1C0D4 /* Paywall */,
			);
			path = Views;
			sourceTree = "<group>";
		};
		A00000000000000000000037 /* Common */ = {
			isa = PBXGroup;
			children = (
				A00000000000000000000015 /* GlassCard.swift */,
				A00000000000000000000016 /* PrimaryButton.swift */,
			);
			path = Common;
			sourceTree = "<group>";
		};
		A00000000000000000000038 /* Screens */ = {
			isa = PBXGroup;
			children = (
				A00000000000000000000018 /* OnboardingScreen.swift */,
				A00000000000000000000019 /* DumpScreen.swift */,
				A0000000000000000000001A /* ShapeScreen.swift */,
				A0000000000000000000001B /* FillScreen.swift */,
				A0000000000000000000001C /* ParkScreen.swift */,
				A0000000000000000000001D /* CalendarSettingsScreen.swift */,
				A0000000000000000000001E /* AppSettingsScreen.swift */,
			);
			path = Screens;
			sourceTree = "<group>";
		};
		A00000000000000000000040 /* Products */ = {
			isa = PBXGroup;
			children = (
				A00000000000000000000010 /* GenesisWay.app */,
			);
			name = Products;
			sourceTree = "<group>";
		};
/* End PBXGroup section */

/* Begin PBXNativeTarget section */
		A00000000000000000000050 /* GenesisWay */ = {
			isa = PBXNativeTarget;
			buildConfigurationList = A00000000000000000000080 /* Build configuration list for PBXNativeTarget "GenesisWay" */;
			buildPhases = (
				A00000000000000000000051 /* Sources */,
				A00000000000000000000020 /* Frameworks */,
				A00000000000000000000052 /* Resources */,
			);
			buildRules = (
			);
			dependencies = (
			);
			name = GenesisWay;
			productName = GenesisWay;
			productReference = A00000000000000000000010 /* GenesisWay.app */;
			productType = "com.apple.product-type.application";
		};
/* End PBXNativeTarget section */

/* Begin PBXProject section */
		A00000000000000000000060 /* Project object */ = {
			isa = PBXProject;
			attributes = {
				BuildIndependentTargetsInParallel = YES;
				LastUpgradeCheck = 2630;
				TargetAttributes = {
					A00000000000000000000050 = {
						CreatedOnToolsVersion = 26.3;
					};
				};
			};
			buildConfigurationList = A00000000000000000000070 /* Build configuration list for PBXProject "GenesisWay" */;
			compatibilityVersion = "Xcode 13.0";
			developmentRegion = en;
			hasScannedForEncodings = 0;
			knownRegions = (
				en,
				Base,
			);
			mainGroup = A00000000000000000000030;
			packageReferences = (
				755B899B2F8ADF7A00C1C0D4 /* XCRemoteSwiftPackageReference "purchases-ios" */,
			);
			productRefGroup = A00000000000000000000040 /* Products */;
			projectDirPath = "";
			projectRoot = "";
			targets = (
				A00000000000000000000050 /* GenesisWay */,
			);
		};
/* End PBXProject section */

/* Begin PBXResourcesBuildPhase section */
		A00000000000000000000052 /* Resources */ = {
			isa = PBXResourcesBuildPhase;
			buildActionMask = 2147483647;
			files = (
				A0000000000000000000000F /* Assets.xcassets in Resources */,
			);
			runOnlyForDeploymentPostprocessing = 0;
		};
/* End PBXResourcesBuildPhase section */

/* Begin PBXSourcesBuildPhase section */
		A00000000000000000000051 /* Sources */ = {
			isa = PBXSourcesBuildPhase;
			buildActionMask = 2147483647;
			files = (
				A00000000000000000000001 /* GenesisWayApp.swift in Sources */,
				755B89AA2F8AEEEF00C1C0D4 /* PaywallView.swift in Sources */,
				A00000000000000000000002 /* GenesisModels.swift in Sources */,
				A00000000000000000000003 /* GenesisStore.swift in Sources */,
				A00000000000000000000004 /* Theme.swift in Sources */,
				A00000000000000000000005 /* GlassCard.swift in Sources */,
				A00000000000000000000006 /* PrimaryButton.swift in Sources */,
				A00000000000000000000007 /* RootView.swift in Sources */,
				A00000000000000000000008 /* OnboardingScreen.swift in Sources */,
				A00000000000000000000009 /* DumpScreen.swift in Sources */,
				A0000000000000000000000A /* ShapeScreen.swift in Sources */,
				A0000000000000000000000B /* FillScreen.swift in Sources */,
				755B89A52F8AEE5000C1C0D4 /* RevenueCatEntitlementService.swift in Sources */,
				755B89AD2F8AEE5000C1C0D4 /* BypassEntitlementService.swift in Sources */,
				755B89A62F8AEE5000C1C0D4 /* EntitlementService.swift in Sources */,
				755B89A72F8AEE5000C1C0D4 /* MonetizationConfig.swift in Sources */,
				A0000000000000000000000C /* ParkScreen.swift in Sources */,
				A0000000000000000000000D /* CalendarSettingsScreen.swift in Sources */,
				A0000000000000000000000E /* AppSettingsScreen.swift in Sources */,
			);
			runOnlyForDeploymentPostprocessing = 0;
		};
/* End PBXSourcesBuildPhase section */

/* Begin XCBuildConfiguration section */
		A00000000000000000000090 /* Debug */ = {
			isa = XCBuildConfiguration;
			buildSettings = {
				ALWAYS_SEARCH_USER_PATHS = NO;
				CLANG_ENABLE_MODULES = YES;
				CLANG_ENABLE_OBJC_ARC = YES;
				CLANG_WARN_BLOCK_CAPTURE_AUTORELEASING = YES;
				CLANG_WARN_BOOL_CONVERSION = YES;
				CLANG_WARN_COMMA = YES;
				CLANG_WARN_CONSTANT_CONVERSION = YES;
				CLANG_WARN_DEPRECATED_OBJC_IMPLEMENTATIONS = YES;
				CLANG_WARN_DOCUMENTATION_COMMENTS = YES;
				CLANG_WARN_EMPTY_BODY = YES;
				CLANG_WARN_ENUM_CONVERSION = YES;
				CLANG_WARN_INFINITE_RECURSION = YES;
				CLANG_WARN_INT_CONVERSION = YES;
				CLANG_WARN_NON_LITERAL_NULL_CONVERSION = YES;
				CLANG_WARN_OBJC_IMPLICIT_RETAIN_SELF = YES;
				CLANG_WARN_OBJC_LITERAL_CONVERSION = YES;
				CLANG_WARN_QUOTED_INCLUDE_IN_FRAMEWORK_HEADER = YES;
				CLANG_WARN_RANGE_LOOP_ANALYSIS = YES;
				CLANG_WARN_STRICT_PROTOTYPES = YES;
				CLANG_WARN_SUSPICIOUS_MOVE = YES;
				CLANG_WARN_UNREACHABLE_CODE = YES;
				CLANG_WARN__DUPLICATE_METHOD_MATCH = YES;
				COPY_PHASE_STRIP = NO;
				DEBUG_INFORMATION_FORMAT = dwarf;
				DEVELOPMENT_TEAM = L34MSS92N5;
				ENABLE_STRICT_OBJC_MSGSEND = YES;
				ENABLE_TESTABILITY = YES;
				ENABLE_USER_SCRIPT_SANDBOXING = YES;
				GCC_C_LANGUAGE_STANDARD = gnu17;
				GCC_NO_COMMON_BLOCKS = YES;
				GCC_WARN_64_TO_32_BIT_CONVERSION = YES;
				GCC_WARN_ABOUT_RETURN_TYPE = YES_ERROR;
				GCC_WARN_UNDECLARED_SELECTOR = YES;
				GCC_WARN_UNINITIALIZED_AUTOS = YES_AGGRESSIVE;
				GCC_WARN_UNUSED_FUNCTION = YES;
				GCC_WARN_UNUSED_VARIABLE = YES;
				IPHONEOS_DEPLOYMENT_TARGET = 17.0;
				MTL_ENABLE_DEBUG_INFO = INCLUDE_SOURCE;
				ONLY_ACTIVE_ARCH = YES;
				SDKROOT = iphoneos;
				STRING_CATALOG_GENERATE_SYMBOLS = YES;
				SWIFT_ACTIVE_COMPILATION_CONDITIONS = DEBUG;
				SWIFT_OPTIMIZATION_LEVEL = "-Onone";
			};
			name = Debug;
		};
		A00000000000000000000091 /* Release */ = {
			isa = XCBuildConfiguration;
			buildSettings = {
				ALWAYS_SEARCH_USER_PATHS = NO;
				CLANG_ENABLE_MODULES = YES;
				CLANG_ENABLE_OBJC_ARC = YES;
				CLANG_WARN_BLOCK_CAPTURE_AUTORELEASING = YES;
				CLANG_WARN_BOOL_CONVERSION = YES;
				CLANG_WARN_COMMA = YES;
				CLANG_WARN_CONSTANT_CONVERSION = YES;
				CLANG_WARN_DEPRECATED_OBJC_IMPLEMENTATIONS = YES;
				CLANG_WARN_DOCUMENTATION_COMMENTS = YES;
				CLANG_WARN_EMPTY_BODY = YES;
				CLANG_WARN_ENUM_CONVERSION = YES;
				CLANG_WARN_INFINITE_RECURSION = YES;
				CLANG_WARN_INT_CONVERSION = YES;
				CLANG_WARN_NON_LITERAL_NULL_CONVERSION = YES;
				CLANG_WARN_OBJC_IMPLICIT_RETAIN_SELF = YES;
				CLANG_WARN_OBJC_LITERAL_CONVERSION = YES;
				CLANG_WARN_QUOTED_INCLUDE_IN_FRAMEWORK_HEADER = YES;
				CLANG_WARN_RANGE_LOOP_ANALYSIS = YES;
				CLANG_WARN_STRICT_PROTOTYPES = YES;
				CLANG_WARN_SUSPICIOUS_MOVE = YES;
				CLANG_WARN_UNREACHABLE_CODE = YES;
				CLANG_WARN__DUPLICATE_METHOD_MATCH = YES;
				COPY_PHASE_STRIP = NO;
				DEBUG_INFORMATION_FORMAT = "dwarf-with-dsym";
				DEVELOPMENT_TEAM = L34MSS92N5;
				ENABLE_NS_ASSERTIONS = NO;
				ENABLE_STRICT_OBJC_MSGSEND = YES;
				ENABLE_USER_SCRIPT_SANDBOXING = YES;
				GCC_C_LANGUAGE_STANDARD = gnu17;
				GCC_NO_COMMON_BLOCKS = YES;
				GCC_WARN_64_TO_32_BIT_CONVERSION = YES;
				GCC_WARN_ABOUT_RETURN_TYPE = YES_ERROR;
				GCC_WARN_UNDECLARED_SELECTOR = YES;
				GCC_WARN_UNINITIALIZED_AUTOS = YES_AGGRESSIVE;
				GCC_WARN_UNUSED_FUNCTION = YES;
				GCC_WARN_UNUSED_VARIABLE = YES;
				IPHONEOS_DEPLOYMENT_TARGET = 17.0;
				MTL_ENABLE_DEBUG_INFO = NO;
				SDKROOT = iphoneos;
				STRING_CATALOG_GENERATE_SYMBOLS = YES;
				SWIFT_COMPILATION_MODE = wholemodule;
				SWIFT_OPTIMIZATION_LEVEL = "-O";
			};
			name = Release;
		};
		A00000000000000000000092 /* Debug */ = {
			isa = XCBuildConfiguration;
			buildSettings = {
				ASSETCATALOG_COMPILER_APPICON_NAME = AppIcon;
				CODE_SIGN_ALLOW_ENTITLEMENTS_MODIFICATION = YES;
				CODE_SIGN_ENTITLEMENTS = GenesisWay/App/GenesisWay.entitlements;
				CODE_SIGN_STYLE = Automatic;
				CURRENT_PROJECT_VERSION = 34;
				DEVELOPMENT_ASSET_PATHS = "\"GenesisWay/Preview Content\"";
				DEVELOPMENT_TEAM = L34MSS92N5;
				ENABLE_PREVIEWS = YES;
				GENERATE_INFOPLIST_FILE = YES;
				INFOPLIST_KEY_CFBundleDisplayName = Coach;
				INFOPLIST_KEY_CFBundleIcons = "{CFBundlePrimaryIcon = {CFBundleIconFiles = (AppIcon);}; CFBundleAlternateIcons = {Textile = {CFBundleIconFiles = (AppIconTextile);}; Stone = {CFBundleIconFiles = (AppIconStone);}; Molten = {CFBundleIconFiles = (AppIconMolten);}; ObsidianGlass = {CFBundleIconFiles = (AppIconObsidianGlass);}; Monochrome = {CFBundleIconFiles = (AppIconMonochrome);};};}";
				"INFOPLIST_KEY_CFBundleIcons~ipad" = "{CFBundlePrimaryIcon = {CFBundleIconFiles = (AppIcon);}; CFBundleAlternateIcons = {Textile = {CFBundleIconFiles = (AppIconTextile);}; Stone = {CFBundleIconFiles = (AppIconStone);}; Molten = {CFBundleIconFiles = (AppIconMolten);}; ObsidianGlass = {CFBundleIconFiles = (AppIconObsidianGlass);}; Monochrome = {CFBundleIconFiles = (AppIconMonochrome);};};}";
				INFOPLIST_KEY_CFBundleURLTypes = "({CFBundleTypeRole=Editor;CFBundleURLName=coachdan;CFBundleURLSchemes=(coachdan);})";
				INFOPLIST_KEY_GW_CALENDAR_API_BASE_URL = "https://coachdan.app";
				INFOPLIST_KEY_GW_GOOGLE_OAUTH_CLIENT_ID = "609243271731-nkcl43ltitd9itdeaduf24alr5timo8e.apps.googleusercontent.com";
				INFOPLIST_KEY_GW_SUPABASE_ANON_KEY = sb_publishable_LbTmRHJIRpnaRXOHXC66ag_9VViLL32;
				INFOPLIST_KEY_GW_SUPABASE_URL = "https://bolxsqpvabvpjbtbhmpf.supabase.co";
				INFOPLIST_KEY_NSCalendarsFullAccessUsageDescription = "Use Calendar access to export scheduled items from Coach.";
				INFOPLIST_KEY_NSMicrophoneUsageDescription = "Use your microphone to quickly capture Dump items.";
				INFOPLIST_KEY_NSSpeechRecognitionUsageDescription = "Convert voice capture into a Dump list.";
				INFOPLIST_KEY_UIApplicationSceneManifest_Generation = YES;
				INFOPLIST_KEY_UIApplicationSupportsIndirectInputEvents = YES;
				INFOPLIST_KEY_UILaunchScreen_Generation = YES;
				INFOPLIST_KEY_UISupportedInterfaceOrientations_iPad = "UIInterfaceOrientationPortrait UIInterfaceOrientationPortraitUpsideDown UIInterfaceOrientationLandscapeLeft UIInterfaceOrientationLandscapeRight";
				INFOPLIST_KEY_UISupportedInterfaceOrientations_iPhone = UIInterfaceOrientationPortrait;
				LD_RUNPATH_SEARCH_PATHS = (
					"$(inherited)",
					"@executable_path/Frameworks",
				);
				MARKETING_VERSION = 1.1.3;
				PRODUCT_BUNDLE_IDENTIFIER = com.genesisway.app;
				PRODUCT_NAME = "$(TARGET_NAME)";
				SUPPORTED_PLATFORMS = "iphoneos iphonesimulator";
				SWIFT_EMIT_LOC_STRINGS = YES;
				SWIFT_VERSION = 5.0;
				TARGETED_DEVICE_FAMILY = "1,2";
			};
			name = Debug;
		};
		A00000000000000000000093 /* Release */ = {
			isa = XCBuildConfiguration;
			buildSettings = {
				ASSETCATALOG_COMPILER_APPICON_NAME = AppIcon;
				CODE_SIGN_ENTITLEMENTS = GenesisWay/App/GenesisWay.entitlements;
				CODE_SIGN_STYLE = Automatic;
				CURRENT_PROJECT_VERSION = 34;
				DEVELOPMENT_TEAM = L34MSS92N5;
				ENABLE_PREVIEWS = YES;
				GENERATE_INFOPLIST_FILE = YES;
				INFOPLIST_KEY_CFBundleDisplayName = Coach;
				INFOPLIST_KEY_CFBundleIcons = "{CFBundlePrimaryIcon = {CFBundleIconFiles = (AppIcon);}; CFBundleAlternateIcons = {Textile = {CFBundleIconFiles = (AppIconTextile);}; Stone = {CFBundleIconFiles = (AppIconStone);}; Molten = {CFBundleIconFiles = (AppIconMolten);}; ObsidianGlass = {CFBundleIconFiles = (AppIconObsidianGlass);}; Monochrome = {CFBundleIconFiles = (AppIconMonochrome);};};}";
				"INFOPLIST_KEY_CFBundleIcons~ipad" = "{CFBundlePrimaryIcon = {CFBundleIconFiles = (AppIcon);}; CFBundleAlternateIcons = {Textile = {CFBundleIconFiles = (AppIconTextile);}; Stone = {CFBundleIconFiles = (AppIconStone);}; Molten = {CFBundleIconFiles = (AppIconMolten);}; ObsidianGlass = {CFBundleIconFiles = (AppIconObsidianGlass);}; Monochrome = {CFBundleIconFiles = (AppIconMonochrome);};};}";
				INFOPLIST_KEY_CFBundleURLTypes = "({CFBundleTypeRole=Editor;CFBundleURLName=coachdan;CFBundleURLSchemes=(coachdan);})";
				INFOPLIST_KEY_GW_CALENDAR_API_BASE_URL = "https://coachdan.app";
				INFOPLIST_KEY_GW_GOOGLE_OAUTH_CLIENT_ID = "609243271731-nkcl43ltitd9itdeaduf24alr5timo8e.apps.googleusercontent.com";
				INFOPLIST_KEY_GW_SUPABASE_ANON_KEY = sb_publishable_LbTmRHJIRpnaRXOHXC66ag_9VViLL32;
				INFOPLIST_KEY_GW_SUPABASE_URL = "https://bolxsqpvabvpjbtbhmpf.supabase.co";
				INFOPLIST_KEY_NSCalendarsFullAccessUsageDescription = "Use Calendar access to export scheduled items from Coach.";
				INFOPLIST_KEY_NSMicrophoneUsageDescription = "Use your microphone to quickly capture Dump items.";
				INFOPLIST_KEY_NSSpeechRecognitionUsageDescription = "Convert voice capture into a Dump list.";
				INFOPLIST_KEY_UIApplicationSceneManifest_Generation = YES;
				INFOPLIST_KEY_UIApplicationSupportsIndirectInputEvents = YES;
				INFOPLIST_KEY_UILaunchScreen_Generation = YES;
				INFOPLIST_KEY_UISupportedInterfaceOrientations_iPad = "UIInterfaceOrientationPortrait UIInterfaceOrientationPortraitUpsideDown UIInterfaceOrientationLandscapeLeft UIInterfaceOrientationLandscapeRight";
				INFOPLIST_KEY_UISupportedInterfaceOrientations_iPhone = UIInterfaceOrientationPortrait;
				LD_RUNPATH_SEARCH_PATHS = (
					"$(inherited)",
					"@executable_path/Frameworks",
				);
				MARKETING_VERSION = 1.1.3;
				PRODUCT_BUNDLE_IDENTIFIER = com.genesisway.app;
				PRODUCT_NAME = "$(TARGET_NAME)";
				SUPPORTED_PLATFORMS = "iphoneos iphonesimulator";
				SWIFT_EMIT_LOC_STRINGS = YES;
				SWIFT_VERSION = 5.0;
				TARGETED_DEVICE_FAMILY = "1,2";
			};
			name = Release;
		};
/* End XCBuildConfiguration section */

/* Begin XCConfigurationList section */
		A00000000000000000000070 /* Build configuration list for PBXProject "GenesisWay" */ = {
			isa = XCConfigurationList;
			buildConfigurations = (
				A00000000000000000000090 /* Debug */,
				A00000000000000000000091 /* Release */,
			);
			defaultConfigurationIsVisible = 0;
			defaultConfigurationName = Release;
		};
		A00000000000000000000080 /* Build configuration list for PBXNativeTarget "GenesisWay" */ = {
			isa = XCConfigurationList;
			buildConfigurations = (
				A00000000000000000000092 /* Debug */,
				A00000000000000000000093 /* Release */,
			);
			defaultConfigurationIsVisible = 0;
			defaultConfigurationName = Release;
		};
/* End XCConfigurationList section */

/* Begin XCRemoteSwiftPackageReference section */
		755B899B2F8ADF7A00C1C0D4 /* XCRemoteSwiftPackageReference "purchases-ios" */ = {
			isa = XCRemoteSwiftPackageReference;
			repositoryURL = "https://github.com/RevenueCat/purchases-ios";
			requirement = {
				kind = upToNextMajorVersion;
				minimumVersion = 5.67.2;
			};
		};
/* End XCRemoteSwiftPackageReference section */

/* Begin XCSwiftPackageProductDependency section */
		755B899D2F8AE26B00C1C0D4 /* RevenueCat */ = {
			isa = XCSwiftPackageProductDependency;
			package = 755B899B2F8ADF7A00C1C0D4 /* XCRemoteSwiftPackageReference "purchases-ios" */;
			productName = RevenueCat;
		};
		755B899F2F8AE27000C1C0D4 /* RevenueCatUI */ = {
			isa = XCSwiftPackageProductDependency;
			package = 755B899B2F8ADF7A00C1C0D4 /* XCRemoteSwiftPackageReference "purchases-ios" */;
			productName = RevenueCatUI;
		};
/* End XCSwiftPackageProductDependency section */
	};
	rootObject = A00000000000000000000060 /* Project object */;
}
