{
  "originHash" : "fbdec518f66720abc9cceef1ea36ee3229c4faa09fdcfd36f45e77839c989f98",
  "pins" : [
    {
      "identity" : "purchases-ios",
      "kind" : "remoteSourceControl",
      "location" : "https://github.com/RevenueCat/purchases-ios",
      "state" : {
        "revision" : "a78d10e43fd32e636cef073b8fede9a24a0b2d0b",
        "version" : "5.67.2"
      }
    }
  ],
  "version" : 3
}
